{
    "_meta": {
        "hash": {
            "sha256": "e4ec1462c81e293ade95763bfad4b4dce70ec4d4e7db90e604f02baf030890ae"
        },
        "pipfile-spec": 6,
        "requires": {
            "python_version": "3.6"
        },
        "sources": [
            {
                "name": "pypi",
                "url": "https://pypi.org/simple",
                "verify_ssl": true
            }
        ]
    },
    "default": {
        "certifi": {
            "hashes": [
                "sha256:376690d6f16d32f9d1fe8932551d80b23e9d393a8578c5633a2ed39a64861638",
                "sha256:456048c7e371c089d0a77a5212fb37a2c2dce1e24146e3b7e0261736aaeaa22a"
            ],
            "version": "==2018.8.24"
        },
        "chardet": {
            "hashes": [
                "sha256:84ab92ed1c4d4f16916e05906b6b75a6c0fb5db821cc65e70cbd64a3e2a5eaae",
                "sha256:fc323ffcaeaed0e0a02bf4d117757b98aed530d9ed4531e3e15460124c106691"
            ],
            "version": "==3.0.4"
        },
        "coreapi": {
            "hashes": [
                "sha256:46145fcc1f7017c076a2ef684969b641d18a2991051fddec9458ad3f78ffc1cb",
                "sha256:bf39d118d6d3e171f10df9ede5666f63ad80bba9a29a8ec17726a66cf52ee6f3"
            ],
            "index": "pypi",
            "version": "==2.3.3"
        },
        "coreschema": {
            "hashes": [
                "sha256:5e6ef7bf38c1525d5e55a895934ab4273548629f16aed5c0a6caa74ebf45551f",
                "sha256:9503506007d482ab0867ba14724b93c18a33b22b6d19fb419ef2d239dd4a1607"
            ],
            "version": "==0.0.4"
        },
        "dj-database-url": {
            "hashes": [
                "sha256:4aeaeb1f573c74835b0686a2b46b85990571159ffc21aa57ecd4d1e1cb334163",
                "sha256:851785365761ebe4994a921b433062309eb882fedd318e1b0fcecc607ed02da9"
            ],
            "index": "pypi",
            "version": "==0.5.0"
        },
        "django": {
            "hashes": [
                "sha256:04f2e423f2e60943c02bd2959174b844f7d1bcd19eabb7f8e4282999958021fd",
                "sha256:e1cc1cd6b658aa4e052f5f2b148bfda08091d7c3558529708342e37e4e33f72c"
            ],
            "index": "pypi",
            "version": "==2.1.1"
        },
        "django-rest-swagger": {
            "hashes": [
                "sha256:48f6aded9937e90ae7cbe9e6c932b9744b8af80cc4e010088b3278c700e0685b",
                "sha256:b039b0288bab4665cd45dc5d16f94b13911bc4ad0ed55f74ad3b90aa31c87c17"
            ],
            "index": "pypi",
            "version": "==2.2.0"
        },
        "djangorestframework": {
            "hashes": [
                "sha256:b6714c3e4b0f8d524f193c91ecf5f5450092c2145439ac2769711f7eba89a9d9",
                "sha256:c375e4f95a3a64fccac412e36fb42ba36881e52313ec021ef410b40f67cddca4"
            ],
            "index": "pypi",
            "version": "==3.8.2"
        },
        "drf-yasg": {
            "hashes": [
                "sha256:79c804839c331fd8d82fc45e337d17b2bc0872d61fde8202356f03ac62c96e38",
                "sha256:c4a55bff46d0c0c05f95d97d3840b9f05b6ca9e1446b01380fe553463d7d69df"
            ],
            "index": "pypi",
            "version": "==1.10.2"
        },
        "gunicorn": {
            "hashes": [
                "sha256:aa8e0b40b4157b36a5df5e599f45c9c76d6af43845ba3b3b0efe2c70473c2471",
                "sha256:fa2662097c66f920f53f70621c6c58ca4a3c4d3434205e608e121b5b3b71f4f3"
            ],
            "index": "pypi",
            "version": "==19.9.0"
        },
        "idna": {
            "hashes": [
                "sha256:156a6814fb5ac1fc6850fb002e0852d56c0c8d2531923a51032d1b70760e186e",
                "sha256:684a38a6f903c1d71d6d5fac066b58d7768af4de2b832e426ec79c30daa94a16"
            ],
            "version": "==2.7"
        },
        "inflection": {
            "hashes": [
                "sha256:18ea7fb7a7d152853386523def08736aa8c32636b047ade55f7578c4edeb16ca"
            ],
            "version": "==0.3.1"
        },
        "itypes": {
            "hashes": [
                "sha256:c6e77bb9fd68a4bfeb9d958fea421802282451a25bac4913ec94db82a899c073"
            ],
            "version": "==1.1.0"
        },
        "jinja2": {
            "hashes": [
                "sha256:74c935a1b8bb9a3947c50a54766a969d4846290e1e788ea44c1392163723c3bd",
                "sha256:f84be1bb0040caca4cea721fcbbbbd61f9be9464ca236387158b0feea01914a4"
            ],
            "version": "==2.10"
        },
        "markupsafe": {
            "hashes": [
                "sha256:a6be69091dac236ea9c6bc7d012beab42010fa914c459791d627dad4910eb665"
            ],
            "version": "==1.0"
        },
        "openapi-codec": {
            "hashes": [
                "sha256:1bce63289edf53c601ea3683120641407ff6b708803b8954c8a876fe778d2145"
            ],
            "version": "==1.3.2"
        },
        "pytz": {
            "hashes": [
                "sha256:a061aa0a9e06881eb8b3b2b43f05b9439d6583c206d0a6c340ff72a7b6669053",
                "sha256:ffb9ef1de172603304d9d2819af6f5ece76f2e85ec10692a524dd876e72bf277"
            ],
            "version": "==2018.5"
        },
        "requests": {
            "hashes": [
                "sha256:63b52e3c866428a224f97cab011de738c36aec0185aa91cfacd418b5d58911d1",
                "sha256:ec22d826a36ed72a7358ff3fe56cbd4ba69dd7a6718ffd450ff0e9df7a47ce6a"
            ],
            "markers": "python_version != '3.2.*' and python_version < '4' and python_version != '3.1.*' and python_version != '3.0.*' and python_version >= '2.6' and python_version != '3.3.*'",
            "version": "==2.19.1"
        },
        "ruamel.yaml": {
            "hashes": [
                "sha256:0046083bfb821693faf93fbce3905d4734db5ad5197aa2535ae3523251afdec6",
                "sha256:046bb3df844dac46db21983b9c34d4fa1fd67c9846b227913b085fc173e87040",
                "sha256:0cf26d34a9e6a61ebf19b5be6f37bd1e9caa1020a6649ddf4154bdc1eeb140b3",
                "sha256:12570e8733ace8105502b58fdf6725772913f598687d42bd8c58a098a8c34b66",
                "sha256:20b7f2cab2d2d83c3eb2821e2846889dfeff9c8f9027c416fd37edcad6f55c44",
                "sha256:2e8198444b33a8f7d039a7d09845c5388f57105902f499d806f2b29fa78326b8",
                "sha256:41746026e570f786e42f2269f9046080681c2e59f8fcd1c9fbec8357bd285771",
                "sha256:419522f62b41ab8b65006e1706fa31dfbb01e3640a65cdd79e39889a2095a319",
                "sha256:70aeb401384aebe81911affa449e25e9e2f3618557bf9d6f8a0f0927123c5f25",
                "sha256:71436539d70c99a20aeb03f7149a8a765378c9060a266ee5aa431f5dedd5d233",
                "sha256:7454510c46b26627553d5df04996e3b0b3a076754d711b775e4ebb4eed1d2d4d",
                "sha256:792e786e4afc64dfccf55d5bb3db9747cd8bcb9a3e39b7f6b56a13630e31037b",
                "sha256:7bdc00598c78eb7d67de5dddd5f7ab8334dc4379192780d2a7ae1c7ec9970512",
                "sha256:a8c5cfed6f4282fc154eeadd333ec4dcce57933b7b2c7a9554b54afbaea63251",
                "sha256:ade062389df069cfefc135866ec45494af000ff0c13fd46ec998fef0ae35629f",
                "sha256:cd6fa437a26f1c5f1dfd5efacc25324bfd03dc23bfaccfe33611fa14c7ac8350",
                "sha256:cf59aa7cdedd1a0de08b6457b955c1f7c26b7be8b1318932d0f2a1910f8709aa",
                "sha256:d6004e4971e4b14f7921fca8527745f1ec707b723b91516ec60f3bf4e7215697",
                "sha256:e2d0a3db5c0a7f186bdb8a37720c7f75cf4d87d1a80217059c0aa254769c0240",
                "sha256:e82d0d81a456b6b1708bedb6e496994e53b241e8790dfe932f5c5bec559e8d4f",
                "sha256:eb61aa389fbcf452d080cd7619e33c2828b9fc3a77c3f3869d363552e1dcd360",
                "sha256:ed07ee3cd591516f4e9ca8ea3652d10458034a8f6f3ec93b7ebe989d8b785c8a"
            ],
            "version": "==0.15.70"
        },
        "simplejson": {
            "hashes": [
                "sha256:067a7177ddfa32e1483ba5169ebea1bc2ea27f224853211ca669325648ca5642",
                "sha256:2fc546e6af49fb45b93bbe878dea4c48edc34083729c0abd09981fe55bdf7f91",
                "sha256:354fa32b02885e6dae925f1b5bbf842c333c1e11ea5453ddd67309dc31fdb40a",
                "sha256:37e685986cf6f8144607f90340cff72d36acf654f3653a6c47b84c5c38d00df7",
                "sha256:3af610ee72efbe644e19d5eaad575c73fb83026192114e5f6719f4901097fce2",
                "sha256:3b919fc9cf508f13b929a9b274c40786036b31ad28657819b3b9ba44ba651f50",
                "sha256:3dd289368bbd064974d9a5961101f080e939cbe051e6689a193c99fb6e9ac89b",
                "sha256:6c3258ffff58712818a233b9737fe4be943d306c40cf63d14ddc82ba563f483a",
                "sha256:75e3f0b12c28945c08f54350d91e624f8dd580ab74fd4f1bbea54bc6b0165610",
                "sha256:b1f329139ba647a9548aa05fb95d046b4a677643070dc2afc05fa2e975d09ca5",
                "sha256:ee9625fc8ee164902dfbb0ff932b26df112da9f871c32f0f9c1bcf20c350fe2a",
                "sha256:fb2530b53c28f0d4d84990e945c2ebb470edb469d63e389bf02ff409012fe7c5"
            ],
            "markers": "python_version != '3.1.*' and python_version != '3.0.*' and python_version != '3.2.*' and python_version >= '2.5'",
            "version": "==3.16.0"
        },
        "six": {
            "hashes": [
                "sha256:70e8a77beed4562e7f14fe23a786b54f6296e34344c23bc42f07b15018ff98e9",
                "sha256:832dc0e10feb1aa2c68dcc57dbb658f1c7e65b9b61af69048abc87a2db00a0eb"
            ],
            "version": "==1.11.0"
        },
        "uritemplate": {
            "hashes": [
                "sha256:01c69f4fe8ed503b2951bef85d996a9d22434d2431584b5b107b2981ff416fbd",
                "sha256:1b9c467a940ce9fb9f50df819e8ddd14696f89b9a8cc87ac77952ba416e0a8fd",
                "sha256:c02643cebe23fc8adb5e6becffe201185bf06c40bda5c0b4028a93f1527d011d"
            ],
            "version": "==3.0.0"
        },
        "urllib3": {
            "hashes": [
                "sha256:a68ac5e15e76e7e5dd2b8f94007233e01effe3e50e8daddf69acfd81cb686baf",
                "sha256:b5725a0bd4ba422ab0e66e89e030c806576753ea3ee08554382c14e685d117b5"
            ],
            "markers": "python_version != '3.2.*' and python_version < '4' and python_version != '3.1.*' and python_version != '3.0.*' and python_version >= '2.6' and python_version != '3.3.*'",
            "version": "==1.23"
        }
    },
    "develop": {}
}
