{
    "_meta": {
        "hash": {
            "sha256": "9fcae84fc4e915d336cbc2d4a7befa985573c0a79ecbba525c8fcef57fd05cf3"
        },
        "pipfile-spec": 6,
        "requires": {
            "python_version": "3.6"
        },
        "sources": [
            {
                "name": "pypi",
                "url": "https://pypi.org/simple",
                "verify_ssl": true
            }
        ]
    },
    "default": {
        "certifi": {
            "hashes": [
                "sha256:376690d6f16d32f9d1fe8932551d80b23e9d393a8578c5633a2ed39a64861638",
                "sha256:456048c7e371c089d0a77a5212fb37a2c2dce1e24146e3b7e0261736aaeaa22a"
            ],
            "version": "==2018.8.24"
        },
        "chardet": {
            "hashes": [
                "sha256:84ab92ed1c4d4f16916e05906b6b75a6c0fb5db821cc65e70cbd64a3e2a5eaae",
                "sha256:fc323ffcaeaed0e0a02bf4d117757b98aed530d9ed4531e3e15460124c106691"
            ],
            "version": "==3.0.4"
        },
        "coreapi": {
            "hashes": [
                "sha256:46145fcc1f7017c076a2ef684969b641d18a2991051fddec9458ad3f78ffc1cb",
                "sha256:bf39d118d6d3e171f10df9ede5666f63ad80bba9a29a8ec17726a66cf52ee6f3"
            ],
            "index": "pypi",
            "version": "==2.3.3"
        },
        "coreschema": {
            "hashes": [
                "sha256:5e6ef7bf38c1525d5e55a895934ab4273548629f16aed5c0a6caa74ebf45551f",
                "sha256:9503506007d482ab0867ba14724b93c18a33b22b6d19fb419ef2d239dd4a1607"
            ],
            "version": "==0.0.4"
        },
        "django": {
            "hashes": [
                "sha256:04f2e423f2e60943c02bd2959174b844f7d1bcd19eabb7f8e4282999958021fd",
                "sha256:e1cc1cd6b658aa4e052f5f2b148bfda08091d7c3558529708342e37e4e33f72c"
            ],
            "index": "pypi",
            "version": "==2.1.1"
        },
        "djangorestframework": {
            "hashes": [
                "sha256:b6714c3e4b0f8d524f193c91ecf5f5450092c2145439ac2769711f7eba89a9d9",
                "sha256:c375e4f95a3a64fccac412e36fb42ba36881e52313ec021ef410b40f67cddca4"
            ],
            "index": "pypi",
            "version": "==3.8.2"
        },
        "drf-yasg": {
            "hashes": [
                "sha256:79c804839c331fd8d82fc45e337d17b2bc0872d61fde8202356f03ac62c96e38",
                "sha256:c4a55bff46d0c0c05f95d97d3840b9f05b6ca9e1446b01380fe553463d7d69df"
            ],
            "index": "pypi",
            "version": "==1.10.2"
        },
        "idna": {
            "hashes": [
                "sha256:156a6814fb5ac1fc6850fb002e0852d56c0c8d2531923a51032d1b70760e186e",
                "sha256:684a38a6f903c1d71d6d5fac066b58d7768af4de2b832e426ec79c30daa94a16"
            ],
            "version": "==2.7"
        },
        "inflection": {
            "hashes": [
                "sha256:18ea7fb7a7d152853386523def08736aa8c32636b047ade55f7578c4edeb16ca"
            ],
            "version": "==0.3.1"
        },
        "itypes": {
            "hashes": [
                "sha256:c6e77bb9fd68a4bfeb9d958fea421802282451a25bac4913ec94db82a899c073"
            ],
            "version": "==1.1.0"
        },
        "jinja2": {
            "hashes": [
                "sha256:74c935a1b8bb9a3947c50a54766a969d4846290e1e788ea44c1392163723c3bd",
                "sha256:f84be1bb0040caca4cea721fcbbbbd61f9be9464ca236387158b0feea01914a4"
            ],
            "version": "==2.10"
        },
        "markupsafe": {
            "hashes": [
                "sha256:a6be69091dac236ea9c6bc7d012beab42010fa914c459791d627dad4910eb665"
            ],
            "version": "==1.0"
        },
        "pytz": {
            "hashes": [
                "sha256:a061aa0a9e06881eb8b3b2b43f05b9439d6583c206d0a6c340ff72a7b6669053",
                "sha256:ffb9ef1de172603304d9d2819af6f5ece76f2e85ec10692a524dd876e72bf277"
            ],
            "version": "==2018.5"
        },
        "requests": {
            "hashes": [
                "sha256:63b52e3c866428a224f97cab011de738c36aec0185aa91cfacd418b5d58911d1",
                "sha256:ec22d826a36ed72a7358ff3fe56cbd4ba69dd7a6718ffd450ff0e9df7a47ce6a"
            ],
            "markers": "python_version != '3.2.*' and python_version < '4' and python_version != '3.1.*' and python_version != '3.0.*' and python_version >= '2.6' and python_version != '3.3.*'",
            "version": "==2.19.1"
        },
        "ruamel.yaml": {
            "hashes": [
                "sha256:04a1f3159a1f850113054d88b5ee30231b02579ababdb59347a732152389aaec",
                "sha256:117f2da270f4c49066006a130e8e73939f57923ee1fd329cadb528b20bd8477f",
                "sha256:1fb81311547b7cdfa510c546deb704d2028b844591aaf044603626189a1632e9",
                "sha256:36c3e75a1052fdc5c5663dc895f7bac435506c5c483fcaeec0d0ebf782885a04",
                "sha256:463c84af7894986c27a63ea499c399d8c88d0d2cc360e8f62d64f98d3386de38",
                "sha256:489de342de4a4dac05e1da335d676a4c57cceaed37d4597c46db5b837a15167c",
                "sha256:63e83d299394e9dda8bb410120aaf39b3c880ed16405a3d3c35e69b9aa7fe783",
                "sha256:6d4f8d638c993c252cd124059619c8cdfff547d64e0416cae640ea1af974671a",
                "sha256:7ed0044eed6ea4545f72946fb138942b885af694661199954428f75d0c82bc4b",
                "sha256:8cffcf0c646fc660459b9e0e603682f2975def5cf7cae6e4eaded0ae563c1cd8",
                "sha256:96532069662190a892905baab75e3a7896de4306de718915d0d9cc0b5c01e466",
                "sha256:98af86ef66d27a195d231606c46155b3798fd7997f282883a0e62285dc71fba6",
                "sha256:9f9f6ac14e5f5fb05c18db8eca8a4fdbb79411e1456c5bc84efe5cc3af00bdf0",
                "sha256:a53b083fbb848846f9ceed530ca3eb67eba4478ae28075e7e86aa67b3431bcc7",
                "sha256:b5d45851919402108792ca6ac1988990f2ccdfbf14606df5820e4520b1475666",
                "sha256:b9f206c42aea09027d2ecd884d459b3a48bd1730909d36ce40270bb43aebb1aa",
                "sha256:bb1a93632a8f3b977be02dacdb5bbab34a0ed7fca329d4056b58420b76ea06ae",
                "sha256:bc1b9e377c34282e37f5ea1b421118ef60c7d64631d6dc461889ff74744310b3",
                "sha256:ccded40ee652c640b7833c913c6f3ea5a1ba21e3c774bf2174fc8bd12ab49642",
                "sha256:d05893b2544be48d4dda2aa1274acc9997a15f6a6d8e1a16e39d110c7908cbb0",
                "sha256:d7b568971effc37b1a883fb819108ccea9526b19a322dc33390c0d3afd4cda6d",
                "sha256:e3959dd5df95456091dfff9ded1319d10b887ae4d05fe9198c3f5f4a72913cdc"
            ],
            "version": "==0.15.69"
        },
        "six": {
            "hashes": [
                "sha256:70e8a77beed4562e7f14fe23a786b54f6296e34344c23bc42f07b15018ff98e9",
                "sha256:832dc0e10feb1aa2c68dcc57dbb658f1c7e65b9b61af69048abc87a2db00a0eb"
            ],
            "version": "==1.11.0"
        },
        "uritemplate": {
            "hashes": [
                "sha256:01c69f4fe8ed503b2951bef85d996a9d22434d2431584b5b107b2981ff416fbd",
                "sha256:1b9c467a940ce9fb9f50df819e8ddd14696f89b9a8cc87ac77952ba416e0a8fd",
                "sha256:c02643cebe23fc8adb5e6becffe201185bf06c40bda5c0b4028a93f1527d011d"
            ],
            "version": "==3.0.0"
        },
        "urllib3": {
            "hashes": [
                "sha256:a68ac5e15e76e7e5dd2b8f94007233e01effe3e50e8daddf69acfd81cb686baf",
                "sha256:b5725a0bd4ba422ab0e66e89e030c806576753ea3ee08554382c14e685d117b5"
            ],
            "markers": "python_version != '3.2.*' and python_version < '4' and python_version != '3.1.*' and python_version != '3.0.*' and python_version >= '2.6' and python_version != '3.3.*'",
            "version": "==1.23"
        }
    },
    "develop": {}
}
